// !$*UTF8*$!
{
	archiveVersion = 1;
	classes = {
	};
	objectVersion = 46;
	objects = {

/* Begin PBXBuildFile section */
		406EA1E016CBFB3C00D5D3F5 /* UIKit.framework in Frameworks */ = {isa = PBXBuildFile; fileRef = 4E212F0216C69EF400FC164D /* UIKit.framework */; };
		406EA1E116CBFB3C00D5D3F5 /* Foundation.framework in Frameworks */ = {isa = PBXBuildFile; fileRef = 4E212F0416C69EF400FC164D /* Foundation.framework */; };
		406EA1E216CBFB3C00D5D3F5 /* CoreGraphics.framework in Frameworks */ = {isa = PBXBuildFile; fileRef = 4E212F0616C69EF400FC164D /* CoreGraphics.framework */; };
		406EA1E816CBFB3C00D5D3F5 /* InfoPlist.strings in Resources */ = {isa = PBXBuildFile; fileRef = 406EA1E616CBFB3C00D5D3F5 /* InfoPlist.strings */; };
		406EA1EA16CBFB3C00D5D3F5 /* main.m in Sources */ = {isa = PBXBuildFile; fileRef = 406EA1E916CBFB3C00D5D3F5 /* main.m */; };
		406EA1ED16CBFB3D00D5D3F5 /* Cedar-iOS.framework in Frameworks */ = {isa = PBXBuildFile; fileRef = 406EA1EC16CBFB3D00D5D3F5 /* Cedar-iOS.framework */; };
		406EA1EF16CBFB3D00D5D3F5 /* ExampleSpec.mm in Sources */ = {isa = PBXBuildFile; fileRef = 406EA1EE16CBFB3D00D5D3F5 /* ExampleSpec.mm */; settings = {COMPILER_FLAGS = "-fno-objc-arc"; }; };
		4E212F0316C69EF400FC164D /* UIKit.framework in Frameworks */ = {isa = PBXBuildFile; fileRef = 4E212F0216C69EF400FC164D /* UIKit.framework */; };
		4E212F0516C69EF400FC164D /* Foundation.framework in Frameworks */ = {isa = PBXBuildFile; fileRef = 4E212F0416C69EF400FC164D /* Foundation.framework */; };
		4E212F0716C69EF400FC164D /* CoreGraphics.framework in Frameworks */ = {isa = PBXBuildFile; fileRef = 4E212F0616C69EF400FC164D /* CoreGraphics.framework */; };
		4E212F0D16C69EF400FC164D /* InfoPlist.strings in Resources */ = {isa = PBXBuildFile; fileRef = 4E212F0B16C69EF400FC164D /* InfoPlist.strings */; };
		4E212F0F16C69EF400FC164D /* main.m in Sources */ = {isa = PBXBuildFile; fileRef = 4E212F0E16C69EF400FC164D /* main.m */; };
		4E212F1316C69EF400FC164D /* AppDelegate.m in Sources */ = {isa = PBXBuildFile; fileRef = 4E212F1216C69EF400FC164D /* AppDelegate.m */; };
		4E212F1616C69EF400FC164D /* ViewController.m in Sources */ = {isa = PBXBuildFile; fileRef = 4E212F1516C69EF400FC164D /* ViewController.m */; };
		4E212F1916C69EF400FC164D /* ViewController_iPhone.xib in Resources */ = {isa = PBXBuildFile; fileRef = 4E212F1716C69EF400FC164D /* ViewController_iPhone.xib */; };
		4E212F3616C6AE5E00FC164D /* UIAutomation.framework in Frameworks */ = {isa = PBXBuildFile; fileRef = 4E212F3516C6AE5E00FC164D /* UIAutomation.framework */; };
		4E4E401316C6DE130064D4D9 /* README.md in Resources */ = {isa = PBXBuildFile; fileRef = 4E4E401216C6DE130064D4D9 /* README.md */; };
		4E65003416C7694800E20C78 /* Foundation.framework in Frameworks */ = {isa = PBXBuildFile; fileRef = 4E212F0416C69EF400FC164D /* Foundation.framework */; };
		4E65003A16C7694800E20C78 /* PineCone.m in Sources */ = {isa = PBXBuildFile; fileRef = 4E65003916C7694800E20C78 /* PineCone.m */; };
		4E65003F16C80A3D00E20C78 /* UIAutomation.framework in Frameworks */ = {isa = PBXBuildFile; fileRef = 4E212F3516C6AE5E00FC164D /* UIAutomation.framework */; };
		4EB1B47116C8C50B007F165D /* libPineCone.a in Frameworks */ = {isa = PBXBuildFile; fileRef = 4E65003316C7694800E20C78 /* libPineCone.a */; };
		4EB1B47416C8C6BD007F165D /* UIButton+PC.h in Headers */ = {isa = PBXBuildFile; fileRef = 4EB1B47216C8C6BD007F165D /* UIButton+PC.h */; };
		4EB1B47516C8C6BD007F165D /* UIButton+PC.m in Sources */ = {isa = PBXBuildFile; fileRef = 4EB1B47316C8C6BD007F165D /* UIButton+PC.m */; };
/* End PBXBuildFile section */

/* Begin PBXFileReference section */
		406EA1DF16CBFB3C00D5D3F5 /* Specs.app */ = {isa = PBXFileReference; explicitFileType = wrapper.application; includeInIndex = 0; path = Specs.app; sourceTree = BUILT_PRODUCTS_DIR; };
		406EA1E516CBFB3C00D5D3F5 /* Specs-Info.plist */ = {isa = PBXFileReference; lastKnownFileType = text.plist.xml; path = "Specs-Info.plist"; sourceTree = "<group>"; };
		406EA1E716CBFB3C00D5D3F5 /* en */ = {isa = PBXFileReference; lastKnownFileType = text.plist.strings; name = en; path = en.lproj/InfoPlist.strings; sourceTree = "<group>"; };
		406EA1E916CBFB3C00D5D3F5 /* main.m */ = {isa = PBXFileReference; lastKnownFileType = sourcecode.c.objc; path = main.m; sourceTree = "<group>"; };
		406EA1EB16CBFB3C00D5D3F5 /* Specs-Prefix.pch */ = {isa = PBXFileReference; lastKnownFileType = sourcecode.c.h; path = "Specs-Prefix.pch"; sourceTree = "<group>"; };
		406EA1EC16CBFB3D00D5D3F5 /* Cedar-iOS.framework */ = {isa = PBXFileReference; lastKnownFileType = wrapper.framework; name = "Cedar-iOS.framework"; path = "Specs/Frameworks/Cedar-iOS.framework"; sourceTree = "<group>"; };
		406EA1EE16CBFB3D00D5D3F5 /* ExampleSpec.mm */ = {isa = PBXFileReference; lastKnownFileType = sourcecode.cpp.objcpp; path = ExampleSpec.mm; sourceTree = "<group>"; };
		4E212EFE16C69EF400FC164D /* AutomationTest.app */ = {isa = PBXFileReference; explicitFileType = wrapper.application; includeInIndex = 0; path = AutomationTest.app; sourceTree = BUILT_PRODUCTS_DIR; };
		4E212F0216C69EF400FC164D /* UIKit.framework */ = {isa = PBXFileReference; lastKnownFileType = wrapper.framework; name = UIKit.framework; path = System/Library/Frameworks/UIKit.framework; sourceTree = SDKROOT; };
		4E212F0416C69EF400FC164D /* Foundation.framework */ = {isa = PBXFileReference; lastKnownFileType = wrapper.framework; name = Foundation.framework; path = System/Library/Frameworks/Foundation.framework; sourceTree = SDKROOT; };
		4E212F0616C69EF400FC164D /* CoreGraphics.framework */ = {isa = PBXFileReference; lastKnownFileType = wrapper.framework; name = CoreGraphics.framework; path = System/Library/Frameworks/CoreGraphics.framework; sourceTree = SDKROOT; };
		4E212F0A16C69EF400FC164D /* AutomationTest-Info.plist */ = {isa = PBXFileReference; lastKnownFileType = text.plist.xml; path = "AutomationTest-Info.plist"; sourceTree = "<group>"; };
		4E212F0C16C69EF400FC164D /* en */ = {isa = PBXFileReference; lastKnownFileType = text.plist.strings; name = en; path = en.lproj/InfoPlist.strings; sourceTree = "<group>"; };
		4E212F0E16C69EF400FC164D /* main.m */ = {isa = PBXFileReference; lastKnownFileType = sourcecode.c.objc; path = main.m; sourceTree = "<group>"; };
		4E212F1016C69EF400FC164D /* AutomationTest-Prefix.pch */ = {isa = PBXFileReference; lastKnownFileType = sourcecode.c.h; path = "AutomationTest-Prefix.pch"; sourceTree = "<group>"; };
		4E212F1116C69EF400FC164D /* AppDelegate.h */ = {isa = PBXFileReference; lastKnownFileType = sourcecode.c.h; path = AppDelegate.h; sourceTree = "<group>"; };
		4E212F1216C69EF400FC164D /* AppDelegate.m */ = {isa = PBXFileReference; lastKnownFileType = sourcecode.c.objc; path = AppDelegate.m; sourceTree = "<group>"; };
		4E212F1416C69EF400FC164D /* ViewController.h */ = {isa = PBXFileReference; lastKnownFileType = sourcecode.c.h; path = ViewController.h; sourceTree = "<group>"; };
		4E212F1516C69EF400FC164D /* ViewController.m */ = {isa = PBXFileReference; lastKnownFileType = sourcecode.c.objc; path = ViewController.m; sourceTree = "<group>"; };
		4E212F1816C69EF400FC164D /* en */ = {isa = PBXFileReference; lastKnownFileType = file.xib; name = en; path = en.lproj/ViewController_iPhone.xib; sourceTree = "<group>"; };
		4E212F3516C6AE5E00FC164D /* UIAutomation.framework */ = {isa = PBXFileReference; lastKnownFileType = wrapper.framework; path = UIAutomation.framework; sourceTree = "<group>"; };
		4E4E401216C6DE130064D4D9 /* README.md */ = {isa = PBXFileReference; fileEncoding = 4; lastKnownFileType = text; path = README.md; sourceTree = SOURCE_ROOT; };
		4E65003316C7694800E20C78 /* libPineCone.a */ = {isa = PBXFileReference; explicitFileType = archive.ar; includeInIndex = 0; path = libPineCone.a; sourceTree = BUILT_PRODUCTS_DIR; };
		4E65003716C7694800E20C78 /* PineCone-Prefix.pch */ = {isa = PBXFileReference; lastKnownFileType = sourcecode.c.h; path = "PineCone-Prefix.pch"; sourceTree = "<group>"; };
		4E65003816C7694800E20C78 /* PineCone.h */ = {isa = PBXFileReference; lastKnownFileType = sourcecode.c.h; path = PineCone.h; sourceTree = "<group>"; };
		4E65003916C7694800E20C78 /* PineCone.m */ = {isa = PBXFileReference; lastKnownFileType = sourcecode.c.objc; path = PineCone.m; sourceTree = "<group>"; };
		4EB1B47216C8C6BD007F165D /* UIButton+PC.h */ = {isa = PBXFileReference; fileEncoding = 4; lastKnownFileType = sourcecode.c.h; path = "UIButton+PC.h"; sourceTree = "<group>"; };
		4EB1B47316C8C6BD007F165D /* UIButton+PC.m */ = {isa = PBXFileReference; fileEncoding = 4; lastKnownFileType = sourcecode.c.objc; path = "UIButton+PC.m"; sourceTree = "<group>"; };
/* End PBXFileReference section */

/* Begin PBXFrameworksBuildPhase section */
		406EA1DC16CBFB3C00D5D3F5 /* Frameworks */ = {
			isa = PBXFrameworksBuildPhase;
			buildActionMask = 2147483647;
			files = (
				406EA1E016CBFB3C00D5D3F5 /* UIKit.framework in Frameworks */,
				406EA1E116CBFB3C00D5D3F5 /* Foundation.framework in Frameworks */,
				406EA1E216CBFB3C00D5D3F5 /* CoreGraphics.framework in Frameworks */,
				406EA1ED16CBFB3D00D5D3F5 /* Cedar-iOS.framework in Frameworks */,
			);
			runOnlyForDeploymentPostprocessing = 0;
		};
		4E212EFB16C69EF400FC164D /* Frameworks */ = {
			isa = PBXFrameworksBuildPhase;
			buildActionMask = 2147483647;
			files = (
				4EB1B47116C8C50B007F165D /* libPineCone.a in Frameworks */,
				4E212F0316C69EF400FC164D /* UIKit.framework in Frameworks */,
				4E212F0516C69EF400FC164D /* Foundation.framework in Frameworks */,
				4E212F0716C69EF400FC164D /* CoreGraphics.framework in Frameworks */,
				4E212F3616C6AE5E00FC164D /* UIAutomation.framework in Frameworks */,
			);
			runOnlyForDeploymentPostprocessing = 0;
		};
		4E65003016C7694800E20C78 /* Frameworks */ = {
			isa = PBXFrameworksBuildPhase;
			buildActionMask = 2147483647;
			files = (
				4E65003F16C80A3D00E20C78 /* UIAutomation.framework in Frameworks */,
				4E65003416C7694800E20C78 /* Foundation.framework in Frameworks */,
			);
			runOnlyForDeploymentPostprocessing = 0;
		};
/* End PBXFrameworksBuildPhase section */

/* Begin PBXGroup section */
		406EA1D816CBFAC800D5D3F5 /* externals */ = {
			isa = PBXGroup;
			children = (
			);
			path = externals;
			sourceTree = "<group>";
		};
		406EA1E316CBFB3C00D5D3F5 /* Specs */ = {
			isa = PBXGroup;
			children = (
				406EA1EE16CBFB3D00D5D3F5 /* ExampleSpec.mm */,
				406EA1E416CBFB3C00D5D3F5 /* Supporting Files */,
			);
			path = Specs;
			sourceTree = "<group>";
		};
		406EA1E416CBFB3C00D5D3F5 /* Supporting Files */ = {
			isa = PBXGroup;
			children = (
				406EA1E516CBFB3C00D5D3F5 /* Specs-Info.plist */,
				406EA1E616CBFB3C00D5D3F5 /* InfoPlist.strings */,
				406EA1E916CBFB3C00D5D3F5 /* main.m */,
				406EA1EB16CBFB3C00D5D3F5 /* Specs-Prefix.pch */,
			);
			name = "Supporting Files";
			sourceTree = "<group>";
		};
		4E212EF316C69EF300FC164D = {
			isa = PBXGroup;
			children = (
				4E65003516C7694800E20C78 /* PineCone */,
				4E212F0816C69EF400FC164D /* AutomationTest */,
				406EA1E316CBFB3C00D5D3F5 /* Specs */,
				4E212F0116C69EF400FC164D /* Frameworks */,
				406EA1D816CBFAC800D5D3F5 /* externals */,
				4E212EFF16C69EF400FC164D /* Products */,
			);
			sourceTree = "<group>";
		};
		4E212EFF16C69EF400FC164D /* Products */ = {
			isa = PBXGroup;
			children = (
				4E212EFE16C69EF400FC164D /* AutomationTest.app */,
				4E65003316C7694800E20C78 /* libPineCone.a */,
				406EA1DF16CBFB3C00D5D3F5 /* Specs.app */,
			);
			name = Products;
			sourceTree = "<group>";
		};
		4E212F0116C69EF400FC164D /* Frameworks */ = {
			isa = PBXGroup;
			children = (
				406EA1EC16CBFB3D00D5D3F5 /* Cedar-iOS.framework */,
				4E212F3516C6AE5E00FC164D /* UIAutomation.framework */,
				4E212F0216C69EF400FC164D /* UIKit.framework */,
				4E212F0416C69EF400FC164D /* Foundation.framework */,
				4E212F0616C69EF400FC164D /* CoreGraphics.framework */,
			);
			name = Frameworks;
			sourceTree = "<group>";
		};
		4E212F0816C69EF400FC164D /* AutomationTest */ = {
			isa = PBXGroup;
			children = (
				4E212F1116C69EF400FC164D /* AppDelegate.h */,
				4E212F1216C69EF400FC164D /* AppDelegate.m */,
				4E212F1416C69EF400FC164D /* ViewController.h */,
				4E212F1516C69EF400FC164D /* ViewController.m */,
				4E212F1716C69EF400FC164D /* ViewController_iPhone.xib */,
				4E212F0916C69EF400FC164D /* Supporting Files */,
			);
			path = AutomationTest;
			sourceTree = "<group>";
		};
		4E212F0916C69EF400FC164D /* Supporting Files */ = {
			isa = PBXGroup;
			children = (
				4E4E401216C6DE130064D4D9 /* README.md */,
				4E212F0A16C69EF400FC164D /* AutomationTest-Info.plist */,
				4E212F0B16C69EF400FC164D /* InfoPlist.strings */,
				4E212F0E16C69EF400FC164D /* main.m */,
				4E212F1016C69EF400FC164D /* AutomationTest-Prefix.pch */,
			);
			name = "Supporting Files";
			sourceTree = "<group>";
		};
		4E65003516C7694800E20C78 /* PineCone */ = {
			isa = PBXGroup;
			children = (
				4E65003816C7694800E20C78 /* PineCone.h */,
				4E65003916C7694800E20C78 /* PineCone.m */,
				4EB1B46B16C8C27F007F165D /* Categories */,
				4E65003616C7694800E20C78 /* Supporting Files */,
			);
			path = PineCone;
			sourceTree = "<group>";
		};
		4E65003616C7694800E20C78 /* Supporting Files */ = {
			isa = PBXGroup;
			children = (
				4E65003716C7694800E20C78 /* PineCone-Prefix.pch */,
			);
			name = "Supporting Files";
			sourceTree = "<group>";
		};
		4EB1B46B16C8C27F007F165D /* Categories */ = {
			isa = PBXGroup;
			children = (
				4EB1B47216C8C6BD007F165D /* UIButton+PC.h */,
				4EB1B47316C8C6BD007F165D /* UIButton+PC.m */,
			);
			path = Categories;
			sourceTree = "<group>";
		};
/* End PBXGroup section */

/* Begin PBXHeadersBuildPhase section */
		4E65003116C7694800E20C78 /* Headers */ = {
			isa = PBXHeadersBuildPhase;
			buildActionMask = 2147483647;
			files = (
				4EB1B47416C8C6BD007F165D /* UIButton+PC.h in Headers */,
			);
			runOnlyForDeploymentPostprocessing = 0;
		};
/* End PBXHeadersBuildPhase section */

/* Begin PBXNativeTarget section */
		406EA1DE16CBFB3C00D5D3F5 /* Specs */ = {
			isa = PBXNativeTarget;
			buildConfigurationList = 406EA1F016CBFB3D00D5D3F5 /* Build configuration list for PBXNativeTarget "Specs" */;
			buildPhases = (
				406EA1DB16CBFB3C00D5D3F5 /* Sources */,
				406EA1DC16CBFB3C00D5D3F5 /* Frameworks */,
				406EA1DD16CBFB3C00D5D3F5 /* Resources */,
			);
			buildRules = (
			);
			dependencies = (
			);
			name = Specs;
			productName = Specs;
			productReference = 406EA1DF16CBFB3C00D5D3F5 /* Specs.app */;
			productType = "com.apple.product-type.application";
		};
		4E212EFD16C69EF400FC164D /* AutomationTest */ = {
			isa = PBXNativeTarget;
			buildConfigurationList = 4E212F1F16C69EF400FC164D /* Build configuration list for PBXNativeTarget "AutomationTest" */;
			buildPhases = (
				4E212EFA16C69EF400FC164D /* Sources */,
				4E212EFB16C69EF400FC164D /* Frameworks */,
				4E212EFC16C69EF400FC164D /* Resources */,
			);
			buildRules = (
			);
			dependencies = (
			);
			name = AutomationTest;
			productName = AutomationTest;
			productReference = 4E212EFE16C69EF400FC164D /* AutomationTest.app */;
			productType = "com.apple.product-type.application";
		};
		4E65003216C7694800E20C78 /* PineCone */ = {
			isa = PBXNativeTarget;
			buildConfigurationList = 4E65003D16C7694900E20C78 /* Build configuration list for PBXNativeTarget "PineCone" */;
			buildPhases = (
				4E65002F16C7694800E20C78 /* Sources */,
				4E65003016C7694800E20C78 /* Frameworks */,
				4E65003116C7694800E20C78 /* Headers */,
			);
			buildRules = (
			);
			dependencies = (
			);
			name = PineCone;
			productName = PineCone;
			productReference = 4E65003316C7694800E20C78 /* libPineCone.a */;
			productType = "com.apple.product-type.library.static";
		};
/* End PBXNativeTarget section */

/* Begin PBXProject section */
		4E212EF516C69EF300FC164D /* Project object */ = {
			isa = PBXProject;
			attributes = {
				LastUpgradeCheck = 0460;
				ORGANIZATIONNAME = "Collins Middle School";
			};
			buildConfigurationList = 4E212EF816C69EF300FC164D /* Build configuration list for PBXProject "AutomationTest" */;
			compatibilityVersion = "Xcode 3.2";
			developmentRegion = English;
			hasScannedForEncodings = 0;
			knownRegions = (
				en,
			);
			mainGroup = 4E212EF316C69EF300FC164D;
			productRefGroup = 4E212EFF16C69EF400FC164D /* Products */;
			projectDirPath = "";
			projectRoot = "";
			targets = (
				4E212EFD16C69EF400FC164D /* AutomationTest */,
				406EA1DE16CBFB3C00D5D3F5 /* Specs */,
				4E65003216C7694800E20C78 /* PineCone */,
			);
		};
/* End PBXProject section */

/* Begin PBXResourcesBuildPhase section */
		406EA1DD16CBFB3C00D5D3F5 /* Resources */ = {
			isa = PBXResourcesBuildPhase;
			buildActionMask = 2147483647;
			files = (
				406EA1E816CBFB3C00D5D3F5 /* InfoPlist.strings in Resources */,
			);
			runOnlyForDeploymentPostprocessing = 0;
		};
		4E212EFC16C69EF400FC164D /* Resources */ = {
			isa = PBXResourcesBuildPhase;
			buildActionMask = 2147483647;
			files = (
				4E212F0D16C69EF400FC164D /* InfoPlist.strings in Resources */,
				4E212F1916C69EF400FC164D /* ViewController_iPhone.xib in Resources */,
				4E4E401316C6DE130064D4D9 /* README.md in Resources */,
			);
			runOnlyForDeploymentPostprocessing = 0;
		};
/* End PBXResourcesBuildPhase section */

/* Begin PBXSourcesBuildPhase section */
		406EA1DB16CBFB3C00D5D3F5 /* Sources */ = {
			isa = PBXSourcesBuildPhase;
			buildActionMask = 2147483647;
			files = (
				406EA1EA16CBFB3C00D5D3F5 /* main.m in Sources */,
				406EA1EF16CBFB3D00D5D3F5 /* ExampleSpec.mm in Sources */,
			);
			runOnlyForDeploymentPostprocessing = 0;
		};
		4E212EFA16C69EF400FC164D /* Sources */ = {
			isa = PBXSourcesBuildPhase;
			buildActionMask = 2147483647;
			files = (
				4E212F0F16C69EF400FC164D /* main.m in Sources */,
				4E212F1316C69EF400FC164D /* AppDelegate.m in Sources */,
				4E212F1616C69EF400FC164D /* ViewController.m in Sources */,
			);
			runOnlyForDeploymentPostprocessing = 0;
		};
		4E65002F16C7694800E20C78 /* Sources */ = {
			isa = PBXSourcesBuildPhase;
			buildActionMask = 2147483647;
			files = (
				4E65003A16C7694800E20C78 /* PineCone.m in Sources */,
				4EB1B47516C8C6BD007F165D /* UIButton+PC.m in Sources */,
			);
			runOnlyForDeploymentPostprocessing = 0;
		};
/* End PBXSourcesBuildPhase section */

/* Begin PBXVariantGroup section */
		406EA1E616CBFB3C00D5D3F5 /* InfoPlist.strings */ = {
			isa = PBXVariantGroup;
			children = (
				406EA1E716CBFB3C00D5D3F5 /* en */,
			);
			name = InfoPlist.strings;
			sourceTree = "<group>";
		};
		4E212F0B16C69EF400FC164D /* InfoPlist.strings */ = {
			isa = PBXVariantGroup;
			children = (
				4E212F0C16C69EF400FC164D /* en */,
			);
			name = InfoPlist.strings;
			sourceTree = "<group>";
		};
		4E212F1716C69EF400FC164D /* ViewController_iPhone.xib */ = {
			isa = PBXVariantGroup;
			children = (
				4E212F1816C69EF400FC164D /* en */,
			);
			name = ViewController_iPhone.xib;
			sourceTree = "<group>";
		};
/* End PBXVariantGroup section */

/* Begin XCBuildConfiguration section */
		406EA1F116CBFB3D00D5D3F5 /* Debug */ = {
			isa = XCBuildConfiguration;
			buildSettings = {
				CLANG_CXX_LANGUAGE_STANDARD = "gnu++0x";
				CLANG_CXX_LIBRARY = "libc++";
				CLANG_WARN_EMPTY_BODY = YES;
				"CODE_SIGN_IDENTITY[sdk=iphoneos*]" = "iPhone Developer";
				FRAMEWORK_SEARCH_PATHS = (
					"$(inherited)",
					"\"$(SRCROOT)/Specs/Frameworks\"",
				);
				GCC_PRECOMPILE_PREFIX_HEADER = YES;
				GCC_PREFIX_HEADER = "Specs/Specs-Prefix.pch";
				INFOPLIST_FILE = "Specs/Specs-Info.plist";
				IPHONEOS_DEPLOYMENT_TARGET = 6.1;
				ONLY_ACTIVE_ARCH = YES;
				OTHER_LDFLAGS = (
					"-ObjC",
					"-all_load",
					"-lstdc++",
				);
				PRODUCT_NAME = "$(TARGET_NAME)";
				WRAPPER_EXTENSION = app;
			};
			name = Debug;
		};
		406EA1F216CBFB3D00D5D3F5 /* Release */ = {
			isa = XCBuildConfiguration;
			buildSettings = {
				CLANG_CXX_LANGUAGE_STANDARD = "gnu++0x";
				CLANG_CXX_LIBRARY = "libc++";
				CLANG_WARN_EMPTY_BODY = YES;
				"CODE_SIGN_IDENTITY[sdk=iphoneos*]" = "iPhone Developer";
				FRAMEWORK_SEARCH_PATHS = (
					"$(inherited)",
					"\"$(SRCROOT)/Specs/Frameworks\"",
				);
				GCC_PRECOMPILE_PREFIX_HEADER = YES;
				GCC_PREFIX_HEADER = "Specs/Specs-Prefix.pch";
				INFOPLIST_FILE = "Specs/Specs-Info.plist";
				IPHONEOS_DEPLOYMENT_TARGET = 6.1;
				OTHER_CFLAGS = "-DNS_BLOCK_ASSERTIONS=1";
				OTHER_LDFLAGS = (
					"-ObjC",
					"-all_load",
					"-lstdc++",
				);
				PRODUCT_NAME = "$(TARGET_NAME)";
				WRAPPER_EXTENSION = app;
			};
			name = Release;
		};
		4E212F1D16C69EF400FC164D /* Debug */ = {
			isa = XCBuildConfiguration;
			buildSettings = {
				ALWAYS_SEARCH_USER_PATHS = NO;
				ARCHS = "$(ARCHS_STANDARD_32_BIT)";
				CLANG_ENABLE_OBJC_ARC = YES;
				CLANG_WARN_CONSTANT_CONVERSION = YES;
				CLANG_WARN_ENUM_CONVERSION = YES;
				CLANG_WARN_INT_CONVERSION = YES;
				CLANG_WARN__DUPLICATE_METHOD_MATCH = YES;
				"CODE_SIGN_IDENTITY[sdk=iphoneos*]" = "iPhone Developer";
				COPY_PHASE_STRIP = NO;
				GCC_C_LANGUAGE_STANDARD = gnu99;
				GCC_DYNAMIC_NO_PIC = NO;
				GCC_OPTIMIZATION_LEVEL = 0;
				GCC_PREPROCESSOR_DEFINITIONS = (
					"DEBUG=1",
					"$(inherited)",
				);
				GCC_SYMBOLS_PRIVATE_EXTERN = NO;
				GCC_VERSION = com.apple.compilers.llvm.clang.1_0;
				GCC_WARN_ABOUT_RETURN_TYPE = YES;
				GCC_WARN_UNINITIALIZED_AUTOS = YES;
				GCC_WARN_UNUSED_VARIABLE = YES;
				IPHONEOS_DEPLOYMENT_TARGET = 5.1;
				SDKROOT = iphoneos;
				TARGETED_DEVICE_FAMILY = "1,2";
			};
			name = Debug;
		};
		4E212F1E16C69EF400FC164D /* Release */ = {
			isa = XCBuildConfiguration;
			buildSettings = {
				ALWAYS_SEARCH_USER_PATHS = NO;
				ARCHS = "$(ARCHS_STANDARD_32_BIT)";
				CLANG_ENABLE_OBJC_ARC = YES;
				CLANG_WARN_CONSTANT_CONVERSION = YES;
				CLANG_WARN_ENUM_CONVERSION = YES;
				CLANG_WARN_INT_CONVERSION = YES;
				CLANG_WARN__DUPLICATE_METHOD_MATCH = YES;
				"CODE_SIGN_IDENTITY[sdk=iphoneos*]" = "iPhone Developer";
				COPY_PHASE_STRIP = YES;
				GCC_C_LANGUAGE_STANDARD = gnu99;
				GCC_VERSION = com.apple.compilers.llvm.clang.1_0;
				GCC_WARN_ABOUT_RETURN_TYPE = YES;
				GCC_WARN_UNINITIALIZED_AUTOS = YES;
				GCC_WARN_UNUSED_VARIABLE = YES;
				IPHONEOS_DEPLOYMENT_TARGET = 5.1;
				OTHER_CFLAGS = "-DNS_BLOCK_ASSERTIONS=1";
				SDKROOT = iphoneos;
				TARGETED_DEVICE_FAMILY = "1,2";
				VALIDATE_PRODUCT = YES;
			};
			name = Release;
		};
		4E212F2016C69EF400FC164D /* Debug */ = {
			isa = XCBuildConfiguration;
			buildSettings = {
				FRAMEWORK_SEARCH_PATHS = (
					"$(inherited)",
					"\"$(SRCROOT)\"",
				);
				GCC_PRECOMPILE_PREFIX_HEADER = YES;
				GCC_PREFIX_HEADER = "AutomationTest/AutomationTest-Prefix.pch";
				INFOPLIST_FILE = "AutomationTest/AutomationTest-Info.plist";
				LIBRARY_SEARCH_PATHS = (
					"$(inherited)",
					"\"$(SRCROOT)/externals\"",
				);
				OTHER_LDFLAGS = "-ObjC";
				PRODUCT_NAME = "$(TARGET_NAME)";
				WRAPPER_EXTENSION = app;
			};
			name = Debug;
		};
		4E212F2116C69EF400FC164D /* Release */ = {
			isa = XCBuildConfiguration;
			buildSettings = {
				FRAMEWORK_SEARCH_PATHS = (
					"$(inherited)",
					"\"$(SRCROOT)\"",
				);
				GCC_PRECOMPILE_PREFIX_HEADER = YES;
				GCC_PREFIX_HEADER = "AutomationTest/AutomationTest-Prefix.pch";
				INFOPLIST_FILE = "AutomationTest/AutomationTest-Info.plist";
				LIBRARY_SEARCH_PATHS = (
					"$(inherited)",
					"\"$(SRCROOT)/externals\"",
				);
				OTHER_LDFLAGS = "-ObjC";
				PRODUCT_NAME = "$(TARGET_NAME)";
				WRAPPER_EXTENSION = app;
			};
			name = Release;
		};
		4E65003B16C7694800E20C78 /* Debug */ = {
			isa = XCBuildConfiguration;
			buildSettings = {
				DSTROOT = /tmp/PineCone.dst;
				FRAMEWORK_SEARCH_PATHS = (
					"$(inherited)",
					"\"$(SRCROOT)\"",
				);
				GCC_PRECOMPILE_PREFIX_HEADER = YES;
				GCC_PREFIX_HEADER = "PineCone/PineCone-Prefix.pch";
				OTHER_LDFLAGS = "-ObjC";
				PRODUCT_NAME = "$(TARGET_NAME)";
				SKIP_INSTALL = YES;
			};
			name = Debug;
		};
		4E65003C16C7694800E20C78 /* Release */ = {
			isa = XCBuildConfiguration;
			buildSettings = {
				DSTROOT = /tmp/PineCone.dst;
				FRAMEWORK_SEARCH_PATHS = (
					"$(inherited)",
					"\"$(SRCROOT)\"",
				);
				GCC_PRECOMPILE_PREFIX_HEADER = YES;
				GCC_PREFIX_HEADER = "PineCone/PineCone-Prefix.pch";
				OTHER_LDFLAGS = "-ObjC";
				PRODUCT_NAME = "$(TARGET_NAME)";
				SKIP_INSTALL = YES;
			};
			name = Release;
		};
/* End XCBuildConfiguration section */

/* Begin XCConfigurationList section */
		406EA1F016CBFB3D00D5D3F5 /* Build configuration list for PBXNativeTarget "Specs" */ = {
			isa = XCConfigurationList;
			buildConfigurations = (
				406EA1F116CBFB3D00D5D3F5 /* Debug */,
				406EA1F216CBFB3D00D5D3F5 /* Release */,
			);
			defaultConfigurationIsVisible = 0;
		};
		4E212EF816C69EF300FC164D /* Build configuration list for PBXProject "AutomationTest" */ = {
			isa = XCConfigurationList;
			buildConfigurations = (
				4E212F1D16C69EF400FC164D /* Debug */,
				4E212F1E16C69EF400FC164D /* Release */,
			);
			defaultConfigurationIsVisible = 0;
			defaultConfigurationName = Release;
		};
		4E212F1F16C69EF400FC164D /* Build configuration list for PBXNativeTarget "AutomationTest" */ = {
			isa = XCConfigurationList;
			buildConfigurations = (
				4E212F2016C69EF400FC164D /* Debug */,
				4E212F2116C69EF400FC164D /* Release */,
			);
			defaultConfigurationIsVisible = 0;
			defaultConfigurationName = Release;
		};
		4E65003D16C7694900E20C78 /* Build configuration list for PBXNativeTarget "PineCone" */ = {
			isa = XCConfigurationList;
			buildConfigurations = (
				4E65003B16C7694800E20C78 /* Debug */,
				4E65003C16C7694800E20C78 /* Release */,
			);
			defaultConfigurationIsVisible = 0;
			defaultConfigurationName = Release;
		};
/* End XCConfigurationList section */
	};
	rootObject = 4E212EF516C69EF300FC164D /* Project object */;
}
